
Microsoft Visual Studio Solution File, Format Version 12.00
# Visual Studio Version 17
VisualStudioVersion = 17.3.32804.467
MinimumVisualStudioVersion = 10.0.40219.1
Project("{9A19103F-16F7-4668-BE54-9A1E7A4F7556}") = "Neural Network", "Neural Networks\Neural Network.csproj", "{B06A1BA4-675E-4CE1-9F32-7DF0D735C5E1}"
EndProject
Project("{FAE04EC0-301F-11D3-BF4B-00C04F79EFBC}") = "Unit Tests", "Unit Tests\Unit Tests.csproj", "{351BEFB4-2844-45B5-B23F-9DBF0984DD3A}"
EndProject
Global
	GlobalSection(SolutionConfigurationPlatforms) = preSolution
		Debug|Any CPU = Debug|Any CPU
		Release|Any CPU = Release|Any CPU
	EndGlobalSection
	GlobalSection(ProjectConfigurationPlatforms) = postSolution
		{B06A1BA4-675E-4CE1-9F32-7DF0D735C5E1}.Debug|Any CPU.ActiveCfg = Debug|Any CPU
		{B06A1BA4-675E-4CE1-9F32-7DF0D735C5E1}.Debug|Any CPU.Build.0 = Debug|Any CPU
		{B06A1BA4-675E-4CE1-9F32-7DF0D735C5E1}.Release|Any CPU.ActiveCfg = Release|Any CPU
		{B06A1BA4-675E-4CE1-9F32-7DF0D735C5E1}.Release|Any CPU.Build.0 = Release|Any CPU
		{351BEFB4-2844-45B5-B23F-9DBF0984DD3A}.Debug|Any CPU.ActiveCfg = Debug|Any CPU
		{351BEFB4-2844-45B5-B23F-9DBF0984DD3A}.Debug|Any CPU.Build.0 = Debug|Any CPU
		{351BEFB4-2844-45B5-B23F-9DBF0984DD3A}.Release|Any CPU.ActiveCfg = Release|Any CPU
		{351BEFB4-2844-45B5-B23F-9DBF0984DD3A}.Release|Any CPU.Build.0 = Release|Any CPU
	EndGlobalSection
	GlobalSection(SolutionProperties) = preSolution
		HideSolutionNode = FALSE
	EndGlobalSection
	GlobalSection(ExtensibilityGlobals) = postSolution
		SolutionGuid = {135DB6B5-CE4C-414E-8E83-156C749A03BE}
	EndGlobalSection
EndGlobal
